{
  "nodes": {
    "home-manager": {
      "inputs": {
        "nixpkgs": "nixpkgs"
      },
      "locked": {
        "lastModified": 1782839684,
        "narHash": "sha256-vzs4SBgPsK4aNzlJR2PpFwtARazXMOxZonQnDz0YHxk=",
        "owner": "nix-community",
        "repo": "home-manager",
        "rev": "2a37d71bbe69e1522ddabf03a4cea0374958bdbe",
        "type": "github"
      },
      "original": {
        "id": "home-manager",
        "type": "indirect"
      }
    },
    "nixpkgs": {
      "locked": {
        "lastModified": 1782175435,
        "narHash": "sha256-EMzXKmnOtBQ2MnvpiNOm7E+kOMvdPrIKaeg52Tip2Uk=",
        "owner": "NixOS",
        "repo": "nixpkgs",
        "rev": "89570f24e97e614aa34aa9ab1c927b6578a43775",
        "type": "github"
      },
      "original": {
        "owner": "NixOS",
        "ref": "nixpkgs-unstable",
        "repo": "nixpkgs",
        "type": "github"
      }
    },
    "nixpkgs_2": {
      "locked": {
        "lastModified": 1782691344,
        "narHash": "sha256-i5nw9BYYsMDAaOC4J+JmTof6b2GhlyH076awYRNrTV8=",
        "owner": "NixOS",
        "repo": "nixpkgs",
        "rev": "1f01958ffb5b3545c96d9ef2f4e24c5e5e1eb846",
        "type": "github"
      },
      "original": {
        "owner": "NixOS",
        "ref": "nixos-26.05",
        "repo": "nixpkgs",
        "type": "github"
      }
    },
    "noctalia": {
      "inputs": {
        "nixpkgs": [
          "unstablepkgs"
        ]
      },
      "locked": {
        "lastModified": 1782849016,
        "narHash": "sha256-8WrhTmxdMr+Vv4p4Ms2QT7FH2PdK8IMWqY3ztgsW734=",
        "owner": "noctalia-dev",
        "repo": "noctalia-shell",
        "rev": "1d17e1d1f543c97952d1260f571ba40699a27c1d",
        "type": "github"
      },
      "original": {
        "owner": "noctalia-dev",
        "repo": "noctalia-shell",
        "type": "github"
      }
    },
    "root": {
      "inputs": {
        "home-manager": "home-manager",
        "nixpkgs": "nixpkgs_2",
        "noctalia": "noctalia",
        "unstablepkgs": "unstablepkgs",
        "zen-browser": "zen-browser"
      }
    },
    "unstablepkgs": {
      "locked": {
        "lastModified": 1782723713,
        "narHash": "sha256-oPXCU/SSUokcGaJREHibG1CBX3+s/W7orDWQOZDsEeQ=",
        "owner": "NixOS",
        "repo": "nixpkgs",
        "rev": "b5aa0fbd538984f6e3d201be0005b4463d8b09f8",
        "type": "github"
      },
      "original": {
        "owner": "NixOS",
        "ref": "nixos-unstable",
        "repo": "nixpkgs",
        "type": "github"
      }
    },
    "zen-browser": {
      "inputs": {
        "nixpkgs": [
          "unstablepkgs"
        ]
      },
      "locked": {
        "lastModified": 1782624757,
        "narHash": "sha256-pqFaCAV+g8H+p0kE4vYn9ZgcEFvt644zGy7SyCdf9c8=",
        "owner": "youwen5",
        "repo": "zen-browser-flake",
        "rev": "907465791e7064d86d37964dd95e23280dfb68da",
        "type": "github"
      },
      "original": {
        "owner": "youwen5",
        "repo": "zen-browser-flake",
        "type": "github"
      }
    }
  },
  "root": "root",
  "version": 7
}
